
Microsoft Visual Studio Solution File, Format Version 12.00
# Visual Studio Version 17
VisualStudioVersion = 17.9.34622.214
MinimumVisualStudioVersion = 10.0.40219.1
Project("{9A19103F-16F7-4668-BE54-9A1E7A4F7556}") = "TournamentAPI.Api", "TournamentAPI.Api\TournamentAPI.Api.csproj", "{17C9F526-DFEA-47F0-9981-CEFB53A282FB}"
EndProject
Project("{9A19103F-16F7-4668-BE54-9A1E7A4F7556}") = "TournamentAPI.Core", "TournamentAPI.Core\TournamentAPI.Core.csproj", "{8569C92A-284A-407D-B9BE-650BC46E2685}"
EndProject
Project("{9A19103F-16F7-4668-BE54-9A1E7A4F7556}") = "TournamentAPI.Data", "TournamentAPI.Data\TournamentAPI.Data.csproj", "{01D6A985-7895-4219-B852-37EB03E54F17}"
EndProject
Global
	GlobalSection(SolutionConfigurationPlatforms) = preSolution
		Debug|Any CPU = Debug|Any CPU
		Release|Any CPU = Release|Any CPU
	EndGlobalSection
	GlobalSection(ProjectConfigurationPlatforms) = postSolution
		{17C9F526-DFEA-47F0-9981-CEFB53A282FB}.Debug|Any CPU.ActiveCfg = Debug|Any CPU
		{17C9F526-DFEA-47F0-9981-CEFB53A282FB}.Debug|Any CPU.Build.0 = Debug|Any CPU
		{17C9F526-DFEA-47F0-9981-CEFB53A282FB}.Release|Any CPU.ActiveCfg = Release|Any CPU
		{17C9F526-DFEA-47F0-9981-CEFB53A282FB}.Release|Any CPU.Build.0 = Release|Any CPU
		{8569C92A-284A-407D-B9BE-650BC46E2685}.Debug|Any CPU.ActiveCfg = Debug|Any CPU
		{8569C92A-284A-407D-B9BE-650BC46E2685}.Debug|Any CPU.Build.0 = Debug|Any CPU
		{8569C92A-284A-407D-B9BE-650BC46E2685}.Release|Any CPU.ActiveCfg = Release|Any CPU
		{8569C92A-284A-407D-B9BE-650BC46E2685}.Release|Any CPU.Build.0 = Release|Any CPU
		{01D6A985-7895-4219-B852-37EB03E54F17}.Debug|Any CPU.ActiveCfg = Debug|Any CPU
		{01D6A985-7895-4219-B852-37EB03E54F17}.Debug|Any CPU.Build.0 = Debug|Any CPU
		{01D6A985-7895-4219-B852-37EB03E54F17}.Release|Any CPU.ActiveCfg = Release|Any CPU
		{01D6A985-7895-4219-B852-37EB03E54F17}.Release|Any CPU.Build.0 = Release|Any CPU
	EndGlobalSection
	GlobalSection(SolutionProperties) = preSolution
		HideSolutionNode = FALSE
	EndGlobalSection
	GlobalSection(ExtensibilityGlobals) = postSolution
		SolutionGuid = {B8AE26DF-78C2-4B26-BC9D-3AA67828C1A2}
	EndGlobalSection
EndGlobal
